
Microsoft Visual Studio Solution File, Format Version 12.00
# Visual Studio Version 16
VisualStudioVersion = 16.0.31727.386
MinimumVisualStudioVersion = 10.0.40219.1
Project("{FAE04EC0-301F-11D3-BF4B-00C04F79EFBC}") = "IfStatementsPractice", "IfStatementsPractice.csproj", "{72689DD3-289B-4AF8-BFBC-5C1AFAB72991}"
EndProject
Global
	GlobalSection(SolutionConfigurationPlatforms) = preSolution
		Debug|Any CPU = Debug|Any CPU
		Release|Any CPU = Release|Any CPU
	EndGlobalSection
	GlobalSection(ProjectConfigurationPlatforms) = postSolution
		{72689DD3-289B-4AF8-BFBC-5C1AFAB72991}.Debug|Any CPU.ActiveCfg = Debug|Any CPU
		{72689DD3-289B-4AF8-BFBC-5C1AFAB72991}.Debug|Any CPU.Build.0 = Debug|Any CPU
		{72689DD3-289B-4AF8-BFBC-5C1AFAB72991}.Release|Any CPU.ActiveCfg = Release|Any CPU
		{72689DD3-289B-4AF8-BFBC-5C1AFAB72991}.Release|Any CPU.Build.0 = Release|Any CPU
	EndGlobalSection
	GlobalSection(SolutionProperties) = preSolution
		HideSolutionNode = FALSE
	EndGlobalSection
	GlobalSection(ExtensibilityGlobals) = postSolution
		SolutionGuid = {90E38418-B81C-49A2-9E9F-CD71BE72F4CD}
	EndGlobalSection
EndGlobal
